
Microsoft Visual Studio Solution File, Format Version 12.00
# Visual Studio Version 16
VisualStudioVersion = 16.0.32510.428
MinimumVisualStudioVersion = 10.0.40219.1
Project("{FAE04EC0-301F-11D3-BF4B-00C04F79EFBC}") = "homework assignment 5 2", "homework assignment 5 2\homework assignment 5 2.csproj", "{63BFA14A-7F34-415D-9075-AA8D7559C640}"
EndProject
Global
	GlobalSection(SolutionConfigurationPlatforms) = preSolution
		Debug|Any CPU = Debug|Any CPU
		Release|Any CPU = Release|Any CPU
	EndGlobalSection
	GlobalSection(ProjectConfigurationPlatforms) = postSolution
		{63BFA14A-7F34-415D-9075-AA8D7559C640}.Debug|Any CPU.ActiveCfg = Debug|Any CPU
		{63BFA14A-7F34-415D-9075-AA8D7559C640}.Debug|Any CPU.Build.0 = Debug|Any CPU
		{63BFA14A-7F34-415D-9075-AA8D7559C640}.Release|Any CPU.ActiveCfg = Release|Any CPU
		{63BFA14A-7F34-415D-9075-AA8D7559C640}.Release|Any CPU.Build.0 = Release|Any CPU
	EndGlobalSection
	GlobalSection(SolutionProperties) = preSolution
		HideSolutionNode = FALSE
	EndGlobalSection
	GlobalSection(ExtensibilityGlobals) = postSolution
		SolutionGuid = {6A708CBF-E579-46DF-86B1-07DCF9FACE7B}
	EndGlobalSection
EndGlobal
